PODS:
  - Alamofire (4.7.3)
  - Closures (0.5)
  - DeviceKit (1.10.0)
  - IQKeyboardManagerSwift (6.2.0)
  - JXPhotoBrowser (2.1.0):
    - JXPhotoBrowser/Kingfisher (= 2.1.0)
  - JXPhotoBrowser/Core (2.1.0)
  - JXPhotoBrowser/Kingfisher (2.1.0):
    - JXPhotoBrowser/Core
    - Kingfisher
  - Kingfisher (4.10.1)
  - MGSwipeTableCell (1.6.7)
  - MJRefresh (3.1.15.7)
  - Moya (11.0.2):
    - Moya/Core (= 11.0.2)
  - Moya-ObjectMapper/Core (2.7):
    - Moya (~> 11)
    - ObjectMapper (~> 3.3)
  - Moya-ObjectMapper/RxSwift (2.7):
    - Moya-ObjectMapper/Core
    - RxSwift (~> 4.1)
  - Moya/Core (11.0.2):
    - Alamofire (~> 4.1)
    - Result (~> 3.0)
  - Moya/RxSwift (11.0.2):
    - Moya/Core
    - RxSwift (~> 4.0)
  - NVActivityIndicatorView (4.4.0):
    - NVActivityIndicatorView/Presenter (= 4.4.0)
  - NVActivityIndicatorView/Presenter (4.4.0)
  - ObjectMapper (3.4.1)
  - R.swift (4.0.0):
    - R.swift.Library (~> 4.0.0)
  - R.swift.Library (4.0.0)
  - Result (3.2.4)
  - RxAtomic (4.4.0)
  - RxCocoa (4.4.0):
    - RxSwift (~> 4.0)
  - RxSwift (4.4.0):
    - RxAtomic (~> 4.4)
  - SDCycleScrollView (1.75):
    - SDWebImage (>= 4.0.0)
  - SDWebImage (4.4.2):
    - SDWebImage/Core (= 4.4.2)
  - SDWebImage/Core (4.4.2)
  - SnapKit (4.2.0)
  - SwifterSwift (4.6.0):
    - SwifterSwift/AppKit (= 4.6.0)
    - SwifterSwift/CoreGraphics (= 4.6.0)
    - SwifterSwift/CoreLocation (= 4.6.0)
    - SwifterSwift/Foundation (= 4.6.0)
    - SwifterSwift/MapKit (= 4.6.0)
    - SwifterSwift/SpriteKit (= 4.6.0)
    - SwifterSwift/SwiftStdlib (= 4.6.0)
    - SwifterSwift/UIKit (= 4.6.0)
  - SwifterSwift/AppKit (4.6.0)
  - SwifterSwift/CoreGraphics (4.6.0)
  - SwifterSwift/CoreLocation (4.6.0)
  - SwifterSwift/Foundation (4.6.0)
  - SwifterSwift/MapKit (4.6.0)
  - SwifterSwift/SpriteKit (4.6.0)
  - SwifterSwift/SwiftStdlib (4.6.0)
  - SwifterSwift/UIKit (4.6.0)
  - Toast-Swift (4.0.0)
  - TZImagePickerController (3.1.2)
  - YYText (1.0.7)

DEPENDENCIES:
  - Closures
  - DeviceKit
  - IQKeyboardManagerSwift
  - JXPhotoBrowser
  - Kingfisher
  - MGSwipeTableCell
  - MJRefresh
  - Moya-ObjectMapper/RxSwift
  - Moya/RxSwift
  - NVActivityIndicatorView
  - ObjectMapper
  - R.swift
  - RxCocoa
  - RxSwift
  - SDCycleScrollView
  - SnapKit
  - SwifterSwift
  - Toast-Swift
  - TZImagePickerController
  - YYText

SPEC REPOS:
  https://github.com/cocoapods/specs.git:
    - Alamofire
    - Closures
    - DeviceKit
    - IQKeyboardManagerSwift
    - JXPhotoBrowser
    - Kingfisher
    - MGSwipeTableCell
    - MJRefresh
    - Moya
    - Moya-ObjectMapper
    - NVActivityIndicatorView
    - ObjectMapper
    - R.swift
    - R.swift.Library
    - Result
    - RxAtomic
    - RxCocoa
    - RxSwift
    - SDCycleScrollView
    - SDWebImage
    - SnapKit
    - SwifterSwift
    - Toast-Swift
    - TZImagePickerController
    - YYText

SPEC CHECKSUMS:
  Alamofire: c7287b6e5d7da964a70935e5db17046b7fde6568
  Closures: ad5ebce1242de44d64505bfd3b7c25b12cad3d2e
  DeviceKit: 2a6cf0d1ec05e2ac7f9b24cdfdb3cb358900a247
  IQKeyboardManagerSwift: b07ccf9d8cafe993dcd6cb794eb4ba34611a0c4e
  JXPhotoBrowser: 846536cb01b9fb5db4debb4bc7fa2be4e6e6d340
  Kingfisher: c148cd7b47ebde9989f6bc7c27dcaa79d81279a0
  MGSwipeTableCell: fb20e983988bde2b8d0df29c2d9e1d8ffd10b74a
  MJRefresh: 697f8ec75ebdbe9207767bb682cf0f51b0d8a41f
  Moya: a725035953bc1c0eb1be505ab903984501d82440
  Moya-ObjectMapper: 441caa307b527331fde59e2577adc632a16f1255
  NVActivityIndicatorView: ec7440a57af2450319d3a4181cca7da6fc127064
  ObjectMapper: 5311bd50ca732930959e7ca1a2de43ab823a5ced
  R.swift: d6a5ec2f55a8441dc0ed9f1f8b37d7d11ae85c66
  R.swift.Library: c3af34921024333546e23b70e70d0b4e0cffca75
  Result: d2d07204ce72856f1fd9130bbe42c35a7b0fea10
  RxAtomic: eacf60db868c96bfd63320e28619fe29c179656f
  RxCocoa: df63ebf7b9a70d6b4eeea407ed5dd4efc8979749
  RxSwift: 5976ecd04fc2fefd648827c23de5e11157faa973
  SDCycleScrollView: 884b88f0266dd4708a0e1934975c69cb971707b1
  SDWebImage: 624d6e296c69b244bcede364c72ae0430ac14681
  SnapKit: fe8a619752f3f27075cc9a90244d75c6c3f27e2a
  SwifterSwift: 812ffec6f301922f5430e75be3f2939ea3a80024
  Toast-Swift: 594b5c5e5129f15438e410207e43287f027b3c00
  TZImagePickerController: 29b279caee3309cbaa04ef1384b036ec90297f3f
  YYText: 5c461d709e24d55a182d1441c41dc639a18a4849

PODFILE CHECKSUM: 72a351cecc2db86af3274c0044a7c2726256069b

COCOAPODS: 1.5.3
